Microsoft Visual Studio Solution File, Format Version 9.00
# Visual Studio 2005
Project("{FAE04EC0-301F-11D3-BF4B-00C04F79EFBC}") = "Registration", "Registration\Registration.csproj", "{8AEB0836-17AC-45C6-B542-60451E133E7F}"
EndProject
Project("{FAE04EC0-301F-11D3-BF4B-00C04F79EFBC}") = "Monitor", "Monitor\Monitor.csproj", "{AFE9786F-BDCA-439C-B8F4-C3E7E0A9446E}"
EndProject
Global
	GlobalSection(SolutionConfigurationPlatforms) = preSolution
		Debug|Any CPU = Debug|Any CPU
		Release|Any CPU = Release|Any CPU
	EndGlobalSection
	GlobalSection(ProjectConfigurationPlatforms) = postSolution
		{8AEB0836-17AC-45C6-B542-60451E133E7F}.Debug|Any CPU.ActiveCfg = Debug|Any CPU
		{8AEB0836-17AC-45C6-B542-60451E133E7F}.Debug|Any CPU.Build.0 = Debug|Any CPU
		{8AEB0836-17AC-45C6-B542-60451E133E7F}.Release|Any CPU.ActiveCfg = Release|Any CPU
		{8AEB0836-17AC-45C6-B542-60451E133E7F}.Release|Any CPU.Build.0 = Release|Any CPU
		{AFE9786F-BDCA-439C-B8F4-C3E7E0A9446E}.Debug|Any CPU.ActiveCfg = Debug|Any CPU
		{AFE9786F-BDCA-439C-B8F4-C3E7E0A9446E}.Debug|Any CPU.Build.0 = Debug|Any CPU
		{AFE9786F-BDCA-439C-B8F4-C3E7E0A9446E}.Release|Any CPU.ActiveCfg = Release|Any CPU
		{AFE9786F-BDCA-439C-B8F4-C3E7E0A9446E}.Release|Any CPU.Build.0 = Release|Any CPU
	EndGlobalSection
	GlobalSection(SolutionProperties) = preSolution
		HideSolutionNode = FALSE
	EndGlobalSection
EndGlobal
